
Microsoft Visual Studio Solution File, Format Version 12.00
# Visual Studio Version 16
VisualStudioVersion = 16.0.31729.503
MinimumVisualStudioVersion = 10.0.40219.1
Project("{9A19103F-16F7-4668-BE54-9A1E7A4F7556}") = "Corretora.Web", "UsuariosTi.Web\Corretora.Web.csproj", "{D3FF7DB1-7CD8-4CB4-A8B9-B30171F4B341}"
EndProject
Project("{9A19103F-16F7-4668-BE54-9A1E7A4F7556}") = "Corretora.Business", "UsuariosTi.Business\Corretora.Business.csproj", "{651D880C-E4C2-43E0-8435-C02F50B5A2D2}"
EndProject
Project("{9A19103F-16F7-4668-BE54-9A1E7A4F7556}") = "Corretora.Data", "UsuariosTi.Data\Corretora.Data.csproj", "{4BC2B78A-23C1-402F-8C66-EB0EA94838ED}"
EndProject
Project("{9A19103F-16F7-4668-BE54-9A1E7A4F7556}") = "Corretora.IoC", "UsuariosTi.IoC\Corretora.IoC.csproj", "{2C5EF77C-8C9A-499E-B6B9-46801DD02A24}"
EndProject
Global
	GlobalSection(SolutionConfigurationPlatforms) = preSolution
		Debug|Any CPU = Debug|Any CPU
		Release|Any CPU = Release|Any CPU
	EndGlobalSection
	GlobalSection(ProjectConfigurationPlatforms) = postSolution
		{D3FF7DB1-7CD8-4CB4-A8B9-B30171F4B341}.Debug|Any CPU.ActiveCfg = Debug|Any CPU
		{D3FF7DB1-7CD8-4CB4-A8B9-B30171F4B341}.Debug|Any CPU.Build.0 = Debug|Any CPU
		{D3FF7DB1-7CD8-4CB4-A8B9-B30171F4B341}.Release|Any CPU.ActiveCfg = Release|Any CPU
		{D3FF7DB1-7CD8-4CB4-A8B9-B30171F4B341}.Release|Any CPU.Build.0 = Release|Any CPU
		{651D880C-E4C2-43E0-8435-C02F50B5A2D2}.Debug|Any CPU.ActiveCfg = Debug|Any CPU
		{651D880C-E4C2-43E0-8435-C02F50B5A2D2}.Debug|Any CPU.Build.0 = Debug|Any CPU
		{651D880C-E4C2-43E0-8435-C02F50B5A2D2}.Release|Any CPU.ActiveCfg = Release|Any CPU
		{651D880C-E4C2-43E0-8435-C02F50B5A2D2}.Release|Any CPU.Build.0 = Release|Any CPU
		{4BC2B78A-23C1-402F-8C66-EB0EA94838ED}.Debug|Any CPU.ActiveCfg = Debug|Any CPU
		{4BC2B78A-23C1-402F-8C66-EB0EA94838ED}.Debug|Any CPU.Build.0 = Debug|Any CPU
		{4BC2B78A-23C1-402F-8C66-EB0EA94838ED}.Release|Any CPU.ActiveCfg = Release|Any CPU
		{4BC2B78A-23C1-402F-8C66-EB0EA94838ED}.Release|Any CPU.Build.0 = Release|Any CPU
		{2C5EF77C-8C9A-499E-B6B9-46801DD02A24}.Debug|Any CPU.ActiveCfg = Debug|Any CPU
		{2C5EF77C-8C9A-499E-B6B9-46801DD02A24}.Debug|Any CPU.Build.0 = Debug|Any CPU
		{2C5EF77C-8C9A-499E-B6B9-46801DD02A24}.Release|Any CPU.ActiveCfg = Release|Any CPU
		{2C5EF77C-8C9A-499E-B6B9-46801DD02A24}.Release|Any CPU.Build.0 = Release|Any CPU
	EndGlobalSection
	GlobalSection(SolutionProperties) = preSolution
		HideSolutionNode = FALSE
	EndGlobalSection
	GlobalSection(ExtensibilityGlobals) = postSolution
		SolutionGuid = {A8F09AFE-3D0C-487A-B801-6C574826FD8B}
	EndGlobalSection
EndGlobal
